# THIS IS AN AUTOGENERATED FILE. DO NOT EDIT THIS FILE DIRECTLY.
# yarn lockfile v1


pi-decimals@^2.0.0:
  version "2.0.3"
  resolved "https://registry.yarnpkg.com/pi-decimals/-/pi-decimals-2.0.3.tgz#c72a1d24a7ae72d6fd1ea0b47bbd269f47e713ce"
  integrity sha512-2IP4BhJvadut9hUIhOEi/yQSB1MJ7Sj6fhsZsELmCWEWuh7548igVMKKJm1fAuha+EbLTl1l/1R14ayMCxNRRA==

pi@^2.0.4:
  version "2.0.4"
  resolved "https://registry.yarnpkg.com/pi/-/pi-2.0.4.tgz#c4467b7c6852503be7daec146d181a490ac1dbe8"
  integrity sha512-XJclIZFY4tSfCGC7zcQU6W45GvISrKWyWB3KMrQSE1vFyAAL/mPtuer4dPB2WH12OZiwnmIyRMxkUB+s5s3C4g==
  dependencies:
    pi-decimals "^2.0.0"
